# generated by rye
# use `rye lock` or `rye sync` to update this lockfile
#
# last locked with the following flags:
#   pre: false
#   features: []
#   all-features: false
#   with-sources: false
#   generate-hashes: false
#   universal: false

-e file:.
certifi==2024.8.30
charset-normalizer==3.4.0
colorama==0.4.6
contourpy==1.3.0
cycler==0.12.1
cydoomgeneric @ git+https://github.com/Baduit/cydoomgeneric@b20705b303e74b28985396cc5f06637e53607b16
decorator==4.4.2
fonttools==4.54.1
idna==3.10
imageio==2.36.0
imageio-ffmpeg==0.5.1
kiwisolver==1.4.7
matplotlib==3.9.2
moviepy==1.0.3
numpy==2.0.2
opencv-python==4.10.0.84
packaging==24.1
pillow==11.0.0
proglog==0.1.10
pydub==0.25.1
pygame==2.6.1
pyparsing==3.2.0
python-dateutil==2.9.0.post0
requests==2.32.3
setuptools==75.2.0
six==1.16.0
tqdm==4.66.5
urllib3==2.2.3
